
Microsoft Visual Studio Solution File, Format Version 12.00
# Visual Studio Version 17
VisualStudioVersion = 17.7.34024.191
MinimumVisualStudioVersion = 10.0.40219.1
Project("{8BC9CEB8-8B4A-11D0-8D11-00A0C91BC942}") = "LAB4", "LAB4.vcxproj", "{EDDF29CF-7ED9-4A0D-A3BE-79B14733BE53}"
EndProject
Global
	GlobalSection(SolutionConfigurationPlatforms) = preSolution
		Debug|x64 = Debug|x64
		Debug|x86 = Debug|x86
		Release|x64 = Release|x64
		Release|x86 = Release|x86
	EndGlobalSection
	GlobalSection(ProjectConfigurationPlatforms) = postSolution
		{EDDF29CF-7ED9-4A0D-A3BE-79B14733BE53}.Debug|x64.ActiveCfg = Debug|x64
		{EDDF29CF-7ED9-4A0D-A3BE-79B14733BE53}.Debug|x64.Build.0 = Debug|x64
		{EDDF29CF-7ED9-4A0D-A3BE-79B14733BE53}.Debug|x86.ActiveCfg = Debug|Win32
		{EDDF29CF-7ED9-4A0D-A3BE-79B14733BE53}.Debug|x86.Build.0 = Debug|Win32
		{EDDF29CF-7ED9-4A0D-A3BE-79B14733BE53}.Release|x64.ActiveCfg = Release|x64
		{EDDF29CF-7ED9-4A0D-A3BE-79B14733BE53}.Release|x64.Build.0 = Release|x64
		{EDDF29CF-7ED9-4A0D-A3BE-79B14733BE53}.Release|x86.ActiveCfg = Release|Win32
		{EDDF29CF-7ED9-4A0D-A3BE-79B14733BE53}.Release|x86.Build.0 = Release|Win32
	EndGlobalSection
	GlobalSection(SolutionProperties) = preSolution
		HideSolutionNode = FALSE
	EndGlobalSection
	GlobalSection(ExtensibilityGlobals) = postSolution
		SolutionGuid = {2035CAC7-8CC0-4CC0-AB03-13F6216D4813}
	EndGlobalSection
EndGlobal
